Microsoft Visual Studio Solution File, Format Version 12.00
# Visual Studio Version 17
VisualStudioVersion = 17.5.2.0
MinimumVisualStudioVersion = 10.0.40219.1
Project("{2150E333-8FDC-42A3-9474-1A3956D46DE8}") = "Codespace", "Codespace", "{A24F849A-5508-DF68-C615-6708FF1DEE7C}"
EndProject
Project("{2150E333-8FDC-42A3-9474-1A3956D46DE8}") = "API", "API", "{8C2F5221-C1A8-EC4F-80C4-9C10C5749816}"
EndProject
Project("{FAE04EC0-301F-11D3-BF4B-00C04F79EFBC}") = "Application", "Codespace\API\Application\Application.csproj", "{0A166AAA-D226-8C16-BED7-1B9B626EE00E}"
EndProject
Project("{FAE04EC0-301F-11D3-BF4B-00C04F79EFBC}") = "Domain", "Codespace\API\Domain\Domain.csproj", "{17BE5D4E-6DCF-E2EF-1FC2-6874E51E1034}"
EndProject
Project("{FAE04EC0-301F-11D3-BF4B-00C04F79EFBC}") = "Fiona_API", "Codespace\API\Fiona_API\Fiona_API.csproj", "{E473B383-FEB4-958D-E2FD-29AD0090CB12}"
EndProject
Project("{2150E333-8FDC-42A3-9474-1A3956D46DE8}") = "Infra", "Infra", "{F3524644-4946-93FD-5E8E-05497370884B}"
EndProject
Project("{FAE04EC0-301F-11D3-BF4B-00C04F79EFBC}") = "Infrastructure", "Codespace\API\Infra\Infrastructure.csproj", "{123D3158-2D53-9B93-2764-D150DC73F808}"
EndProject
Project("{2150E333-8FDC-42A3-9474-1A3956D46DE8}") = "Tests", "Tests", "{F5A323FC-3219-FA23-EB57-2D4EB11457B8}"
EndProject
Project("{FAE04EC0-301F-11D3-BF4B-00C04F79EFBC}") = "UnitTests", "Codespace\API\Tests\UnitTests.csproj", "{1AE98FDA-0A13-E683-AAE4-15EC01A2E787}"
EndProject
Project("{2150E333-8FDC-42A3-9474-1A3956D46DE8}") = "FunctionApp", "FunctionApp", "{ED7E7522-3507-955E-8F15-9D6ED0188C7D}"
EndProject
Project("{FAE04EC0-301F-11D3-BF4B-00C04F79EFBC}") = "FionaFileService", "Codespace\FunctionApp\FionaFileService\FionaFileService.csproj", "{608B32D7-8649-FFEF-B49C-5E5EEEF965DE}"
EndProject
Global
	GlobalSection(SolutionConfigurationPlatforms) = preSolution
		Debug|Any CPU = Debug|Any CPU
		Release|Any CPU = Release|Any CPU
	EndGlobalSection
	GlobalSection(ProjectConfigurationPlatforms) = postSolution
		{0A166AAA-D226-8C16-BED7-1B9B626EE00E}.Debug|Any CPU.ActiveCfg = Debug|Any CPU
		{0A166AAA-D226-8C16-BED7-1B9B626EE00E}.Debug|Any CPU.Build.0 = Debug|Any CPU
		{0A166AAA-D226-8C16-BED7-1B9B626EE00E}.Release|Any CPU.ActiveCfg = Release|Any CPU
		{0A166AAA-D226-8C16-BED7-1B9B626EE00E}.Release|Any CPU.Build.0 = Release|Any CPU
		{17BE5D4E-6DCF-E2EF-1FC2-6874E51E1034}.Debug|Any CPU.ActiveCfg = Debug|Any CPU
		{17BE5D4E-6DCF-E2EF-1FC2-6874E51E1034}.Debug|Any CPU.Build.0 = Debug|Any CPU
		{17BE5D4E-6DCF-E2EF-1FC2-6874E51E1034}.Release|Any CPU.ActiveCfg = Release|Any CPU
		{17BE5D4E-6DCF-E2EF-1FC2-6874E51E1034}.Release|Any CPU.Build.0 = Release|Any CPU
		{E473B383-FEB4-958D-E2FD-29AD0090CB12}.Debug|Any CPU.ActiveCfg = Debug|Any CPU
		{E473B383-FEB4-958D-E2FD-29AD0090CB12}.Debug|Any CPU.Build.0 = Debug|Any CPU
		{E473B383-FEB4-958D-E2FD-29AD0090CB12}.Release|Any CPU.ActiveCfg = Release|Any CPU
		{E473B383-FEB4-958D-E2FD-29AD0090CB12}.Release|Any CPU.Build.0 = Release|Any CPU
		{123D3158-2D53-9B93-2764-D150DC73F808}.Debug|Any CPU.ActiveCfg = Debug|Any CPU
		{123D3158-2D53-9B93-2764-D150DC73F808}.Debug|Any CPU.Build.0 = Debug|Any CPU
		{123D3158-2D53-9B93-2764-D150DC73F808}.Release|Any CPU.ActiveCfg = Release|Any CPU
		{123D3158-2D53-9B93-2764-D150DC73F808}.Release|Any CPU.Build.0 = Release|Any CPU
		{1AE98FDA-0A13-E683-AAE4-15EC01A2E787}.Debug|Any CPU.ActiveCfg = Debug|Any CPU
		{1AE98FDA-0A13-E683-AAE4-15EC01A2E787}.Debug|Any CPU.Build.0 = Debug|Any CPU
		{1AE98FDA-0A13-E683-AAE4-15EC01A2E787}.Release|Any CPU.ActiveCfg = Release|Any CPU
		{1AE98FDA-0A13-E683-AAE4-15EC01A2E787}.Release|Any CPU.Build.0 = Release|Any CPU
		{608B32D7-8649-FFEF-B49C-5E5EEEF965DE}.Debug|Any CPU.ActiveCfg = Debug|Any CPU
		{608B32D7-8649-FFEF-B49C-5E5EEEF965DE}.Debug|Any CPU.Build.0 = Debug|Any CPU
		{608B32D7-8649-FFEF-B49C-5E5EEEF965DE}.Release|Any CPU.ActiveCfg = Release|Any CPU
		{608B32D7-8649-FFEF-B49C-5E5EEEF965DE}.Release|Any CPU.Build.0 = Release|Any CPU
	EndGlobalSection
	GlobalSection(SolutionProperties) = preSolution
		HideSolutionNode = FALSE
	EndGlobalSection
	GlobalSection(NestedProjects) = preSolution
		{8C2F5221-C1A8-EC4F-80C4-9C10C5749816} = {A24F849A-5508-DF68-C615-6708FF1DEE7C}
		{0A166AAA-D226-8C16-BED7-1B9B626EE00E} = {8C2F5221-C1A8-EC4F-80C4-9C10C5749816}
		{17BE5D4E-6DCF-E2EF-1FC2-6874E51E1034} = {8C2F5221-C1A8-EC4F-80C4-9C10C5749816}
		{E473B383-FEB4-958D-E2FD-29AD0090CB12} = {8C2F5221-C1A8-EC4F-80C4-9C10C5749816}
		{F3524644-4946-93FD-5E8E-05497370884B} = {8C2F5221-C1A8-EC4F-80C4-9C10C5749816}
		{123D3158-2D53-9B93-2764-D150DC73F808} = {F3524644-4946-93FD-5E8E-05497370884B}
		{F5A323FC-3219-FA23-EB57-2D4EB11457B8} = {8C2F5221-C1A8-EC4F-80C4-9C10C5749816}
		{1AE98FDA-0A13-E683-AAE4-15EC01A2E787} = {F5A323FC-3219-FA23-EB57-2D4EB11457B8}
		{ED7E7522-3507-955E-8F15-9D6ED0188C7D} = {A24F849A-5508-DF68-C615-6708FF1DEE7C}
		{608B32D7-8649-FFEF-B49C-5E5EEEF965DE} = {ED7E7522-3507-955E-8F15-9D6ED0188C7D}
	EndGlobalSection
	GlobalSection(ExtensibilityGlobals) = postSolution
		SolutionGuid = {9908C1F0-59E6-4CE9-8871-23A4DB329342}
	EndGlobalSection
EndGlobal
